# This file is autogenerated, do not edit; changes may be undone by the next 'dep ensure'.


[[projects]]
  digest = "1:0256f446e49ddb65e602e2e4798d13c5bb80a7621886fba5932b873d5aa903c6"
  name = "github.com/line/line-bot-sdk-go"
  packages = ["linebot"]
  pruneopts = "UT"
  revision = "6bfb87d2637ac51fb9ff638dc8a154df23a5678a"
  version = "v6.2.0"

[solve-meta]
  analyzer-name = "dep"
  analyzer-version = 1
  input-imports = ["github.com/line/line-bot-sdk-go/linebot"]
  solver-name = "gps-cdcl"
  solver-version = 1
